
Microsoft Visual Studio Solution File, Format Version 12.00
# Visual Studio Version 16
VisualStudioVersion = 16.0.31205.134
MinimumVisualStudioVersion = 10.0.40219.1
Project("{FAE04EC0-301F-11D3-BF4B-00C04F79EFBC}") = "BrandClothesShopAPI", "BrandClothesShopAPI\BrandClothesShopAPI.csproj", "{04AA4599-9AC9-4C0B-96BA-76618266E34F}"
EndProject
Global
	GlobalSection(SolutionConfigurationPlatforms) = preSolution
		Debug|Any CPU = Debug|Any CPU
		Release|Any CPU = Release|Any CPU
	EndGlobalSection
	GlobalSection(ProjectConfigurationPlatforms) = postSolution
		{04AA4599-9AC9-4C0B-96BA-76618266E34F}.Debug|Any CPU.ActiveCfg = Debug|Any CPU
		{04AA4599-9AC9-4C0B-96BA-76618266E34F}.Debug|Any CPU.Build.0 = Debug|Any CPU
		{04AA4599-9AC9-4C0B-96BA-76618266E34F}.Release|Any CPU.ActiveCfg = Release|Any CPU
		{04AA4599-9AC9-4C0B-96BA-76618266E34F}.Release|Any CPU.Build.0 = Release|Any CPU
	EndGlobalSection
	GlobalSection(SolutionProperties) = preSolution
		HideSolutionNode = FALSE
	EndGlobalSection
	GlobalSection(ExtensibilityGlobals) = postSolution
		SolutionGuid = {F51328C1-F500-4659-9DC3-E531A47E6010}
	EndGlobalSection
EndGlobal
